
Microsoft Visual Studio Solution File, Format Version 12.00
# Visual Studio Version 16
VisualStudioVersion = 16.0.31402.337
MinimumVisualStudioVersion = 10.0.40219.1
Project("{FAE04EC0-301F-11D3-BF4B-00C04F79EFBC}") = "Tetris", "Tetris\Tetris.csproj", "{FFFC58C3-B5F7-436E-96E7-28786BA9713D}"
EndProject
Global
	GlobalSection(SolutionConfigurationPlatforms) = preSolution
		Debug|Any CPU = Debug|Any CPU
		Release|Any CPU = Release|Any CPU
	EndGlobalSection
	GlobalSection(ProjectConfigurationPlatforms) = postSolution
		{FFFC58C3-B5F7-436E-96E7-28786BA9713D}.Debug|Any CPU.ActiveCfg = Debug|Any CPU
		{FFFC58C3-B5F7-436E-96E7-28786BA9713D}.Debug|Any CPU.Build.0 = Debug|Any CPU
		{FFFC58C3-B5F7-436E-96E7-28786BA9713D}.Release|Any CPU.ActiveCfg = Release|Any CPU
		{FFFC58C3-B5F7-436E-96E7-28786BA9713D}.Release|Any CPU.Build.0 = Release|Any CPU
	EndGlobalSection
	GlobalSection(SolutionProperties) = preSolution
		HideSolutionNode = FALSE
	EndGlobalSection
	GlobalSection(ExtensibilityGlobals) = postSolution
		SolutionGuid = {9B1ADEA3-E7F9-4798-BB0F-DD69BFDBD0F0}
	EndGlobalSection
EndGlobal
